
Microsoft Visual Studio Solution File, Format Version 12.00
# Visual Studio Version 16
VisualStudioVersion = 16.0.31019.35
MinimumVisualStudioVersion = 10.0.40219.1
Project("{2150E333-8FDC-42A3-9474-1A3956D46DE8}") = "Solution Items", "Solution Items", "{4556B8ED-1623-4557-8DA4-A0EF61CDDB29}"
	ProjectSection(SolutionItems) = preProject
		EER.png = EER.png
		README.md = README.md
	EndProjectSection
EndProject
Project("{FAE04EC0-301F-11D3-BF4B-00C04F79EFBC}") = "library", "library\library.csproj", "{F69B0898-6D37-46F8-9512-2E670B0DF3DF}"
EndProject
Project("{FAE04EC0-301F-11D3-BF4B-00C04F79EFBC}") = "UserInterface", "UserInterface\UserInterface.csproj", "{DA0D58B5-F314-4563-9074-C45357D59A19}"
EndProject
Project("{2150E333-8FDC-42A3-9474-1A3956D46DE8}") = "EntregaProyecto", "EntregaProyecto", "{0D8F10E3-2D40-45DB-8247-139059D909D0}"
	ProjectSection(SolutionItems) = preProject
		entregaInterfaz.zip = entregaInterfaz.zip
	EndProjectSection
EndProject
Global
	GlobalSection(SolutionConfigurationPlatforms) = preSolution
		Debug|Any CPU = Debug|Any CPU
		Release|Any CPU = Release|Any CPU
	EndGlobalSection
	GlobalSection(ProjectConfigurationPlatforms) = postSolution
		{F69B0898-6D37-46F8-9512-2E670B0DF3DF}.Debug|Any CPU.ActiveCfg = Debug|Any CPU
		{F69B0898-6D37-46F8-9512-2E670B0DF3DF}.Debug|Any CPU.Build.0 = Debug|Any CPU
		{F69B0898-6D37-46F8-9512-2E670B0DF3DF}.Release|Any CPU.ActiveCfg = Release|Any CPU
		{F69B0898-6D37-46F8-9512-2E670B0DF3DF}.Release|Any CPU.Build.0 = Release|Any CPU
		{DA0D58B5-F314-4563-9074-C45357D59A19}.Debug|Any CPU.ActiveCfg = Debug|Any CPU
		{DA0D58B5-F314-4563-9074-C45357D59A19}.Debug|Any CPU.Build.0 = Debug|Any CPU
		{DA0D58B5-F314-4563-9074-C45357D59A19}.Release|Any CPU.ActiveCfg = Release|Any CPU
		{DA0D58B5-F314-4563-9074-C45357D59A19}.Release|Any CPU.Build.0 = Release|Any CPU
	EndGlobalSection
	GlobalSection(SolutionProperties) = preSolution
		HideSolutionNode = FALSE
	EndGlobalSection
	GlobalSection(NestedProjects) = preSolution
		{0D8F10E3-2D40-45DB-8247-139059D909D0} = {4556B8ED-1623-4557-8DA4-A0EF61CDDB29}
	EndGlobalSection
	GlobalSection(ExtensibilityGlobals) = postSolution
		SolutionGuid = {3EE95870-11BD-4A90-BA9B-97DF55776F6E}
	EndGlobalSection
EndGlobal
